{
    "_readme": [
        "This file locks the dependencies of your project to a known state",
        "Read more about it at http://getcomposer.org/doc/01-basic-usage.md#composer-lock-the-lock-file"
    ],
    "hash": "2edcb6a3e44501bfb88f11b8cf866d74",
    "packages": [
        {
            "name": "nategood/httpful",
            "version": "0.2.11",
            "source": {
                "type": "git",
                "url": "https://github.com/nategood/httpful.git",
                "reference": "0bf1423028abe2f630e1d2ef8d62486d6655b2f3"
            },
            "dist": {
                "type": "zip",
                "url": "https://api.github.com/repos/nategood/httpful/zipball/0bf1423028abe2f630e1d2ef8d62486d6655b2f3",
                "reference": "0bf1423028abe2f630e1d2ef8d62486d6655b2f3",
                "shasum": ""
            },
            "require": {
                "ext-curl": "*",
                "php": ">=5.3"
            },
            "require-dev": {
                "phpunit/phpunit": "*"
            },
            "type": "library",
            "autoload": {
                "psr-0": {
                    "Httpful": "src/"
                }
            },
            "notification-url": "https://packagist.org/downloads/",
            "license": [
                "MIT"
            ],
            "authors": [
                {
                    "name": "Nate Good",
                    "email": "me@nategood.com",
                    "homepage": "http://nategood.com"
                }
            ],
            "description": "A Readable, Chainable, REST friendly, PHP HTTP Client",
            "homepage": "http://github.com/nategood/httpful",
            "keywords": [
                "api",
                "curl",
                "http",
                "requests",
                "rest",
                "restful"
            ],
            "time": "2013-10-20 11:03:40"
        },
        {
            "name": "shift31/hostbase-api-client",
            "version": "dev-master",
            "source": {
                "type": "git",
                "url": "https://github.com/shift31/hostbase-api-client-php.git",
                "reference": "aa2582be57ef3a9c46df62c8cfc027d0870762b6"
            },
            "dist": {
                "type": "zip",
                "url": "https://api.github.com/repos/shift31/hostbase-api-client-php/zipball/aa2582be57ef3a9c46df62c8cfc027d0870762b6",
                "reference": "aa2582be57ef3a9c46df62c8cfc027d0870762b6",
                "shasum": ""
            },
            "require": {
                "nategood/httpful": "0.2.11",
                "php": ">=5.3.0"
            },
            "type": "library",
            "autoload": {
                "psr-0": {
                    "Shift31": "src/"
                }
            },
            "notification-url": "https://packagist.org/downloads/",
            "license": [
                "MIT"
            ],
            "description": "The Hostbase API Client Library for PHP",
            "time": "2014-02-16 10:50:20"
        },
        {
            "name": "shift31/softlayer-api-php-client",
            "version": "dev-master",
            "source": {
                "type": "git",
                "url": "https://github.com/shift31/softlayer-api-php-client",
                "reference": "794be51d0c12b30d3893ac6295066863839fcaa3"
            },
            "require": {
                "php": ">=5.3.0"
            },
            "type": "library",
            "autoload": {
                "psr-0": {
                    "SoftLayer": "/"
                }
            },
            "description": "A fork of softlayer/softlayer-api-php-client supporting namespaces and composer",
            "time": "2013-07-13 01:31:58"
        }
    ],
    "packages-dev": [

    ],
    "aliases": [

    ],
    "minimum-stability": "dev",
    "stability-flags": {
        "shift31/softlayer-api-php-client": 20,
        "shift31/hostbase-api-client": 20
    },
    "platform": {
        "php": ">=5.3.3"
    },
    "platform-dev": [

    ]
}
