{
    "_readme": [
        "This file locks the dependencies of your project to a known state",
        "Read more about it at http://getcomposer.org/doc/01-basic-usage.md#composer-lock-the-lock-file",
        "This file is @generated automatically"
    ],
    "hash": "a5b4100b0e62d839484ba8eab9edbbfe",
    "packages": [
        {
            "name": "nategood/httpful",
            "version": "0.2.17",
            "source": {
                "type": "git",
                "url": "https://github.com/nategood/httpful.git",
                "reference": "7beda470b57250f60ce1b0179c5551620c3e43e6"
            },
            "dist": {
                "type": "zip",
                "url": "https://api.github.com/repos/nategood/httpful/zipball/7beda470b57250f60ce1b0179c5551620c3e43e6",
                "reference": "7beda470b57250f60ce1b0179c5551620c3e43e6",
                "shasum": ""
            },
            "require": {
                "ext-curl": "*",
                "php": ">=5.3"
            },
            "require-dev": {
                "phpunit/phpunit": "*"
            },
            "type": "library",
            "autoload": {
                "psr-0": {
                    "Httpful": "src/"
                }
            },
            "notification-url": "https://packagist.org/downloads/",
            "license": [
                "MIT"
            ],
            "authors": [
                {
                    "name": "Nate Good",
                    "email": "me@nategood.com",
                    "homepage": "http://nategood.com"
                }
            ],
            "description": "A Readable, Chainable, REST friendly, PHP HTTP Client",
            "homepage": "http://github.com/nategood/httpful",
            "keywords": [
                "api",
                "curl",
                "http",
                "requests",
                "rest",
                "restful"
            ],
            "time": "2014-08-24 21:57:36"
        },
        {
            "name": "shift31/hostbase-api-client",
            "version": "0.2.0",
            "source": {
                "type": "git",
                "url": "https://github.com/shift31/hostbase-api-client-php.git",
                "reference": "405e1835b03294033910a146da9ed0bb3ab5fcd6"
            },
            "dist": {
                "type": "zip",
                "url": "https://api.github.com/repos/shift31/hostbase-api-client-php/zipball/405e1835b03294033910a146da9ed0bb3ab5fcd6",
                "reference": "405e1835b03294033910a146da9ed0bb3ab5fcd6",
                "shasum": ""
            },
            "require": {
                "nategood/httpful": "0.2.*",
                "php": ">=5.3"
            },
            "type": "library",
            "autoload": {
                "psr-0": {
                    "Shift31": "src/"
                }
            },
            "notification-url": "https://packagist.org/downloads/",
            "license": [
                "MIT"
            ],
            "authors": [
                {
                    "name": "Shift 31 Consulting",
                    "email": "code@shift31.com"
                }
            ],
            "description": "The Hostbase API Client Library for PHP",
            "time": "2015-02-02 05:03:44"
        },
        {
            "name": "shift31/softlayer-api-php-client",
            "version": "dev-master",
            "source": {
                "type": "git",
                "url": "https://github.com/shift31/softlayer-api-php-client",
                "reference": "794be51d0c12b30d3893ac6295066863839fcaa3"
            },
            "require": {
                "php": ">=5.3.0"
            },
            "type": "library",
            "autoload": {
                "psr-0": {
                    "SoftLayer": "/"
                }
            },
            "description": "A fork of softlayer/softlayer-api-php-client supporting namespaces and composer",
            "time": "2013-07-13 01:31:58"
        }
    ],
    "packages-dev": [],
    "aliases": [],
    "minimum-stability": "dev",
    "stability-flags": {
        "shift31/softlayer-api-php-client": 20
    },
    "prefer-stable": true,
    "prefer-lowest": false,
    "platform": {
        "php": ">=5.3"
    },
    "platform-dev": []
}
